
Microsoft Visual Studio Solution File, Format Version 12.00
# Visual Studio Version 17
VisualStudioVersion = 17.1.32319.34
MinimumVisualStudioVersion = 10.0.40219.1
Project("{FAE04EC0-301F-11D3-BF4B-00C04F79EFBC}") = "Wordle.api", "Wordle.api\Wordle.api.csproj", "{22DECA67-C87A-4340-A3F5-FA19FD857752}"
EndProject
Global
	GlobalSection(SolutionConfigurationPlatforms) = preSolution
		Debug|Any CPU = Debug|Any CPU
		Release|Any CPU = Release|Any CPU
	EndGlobalSection
	GlobalSection(ProjectConfigurationPlatforms) = postSolution
		{22DECA67-C87A-4340-A3F5-FA19FD857752}.Debug|Any CPU.ActiveCfg = Debug|Any CPU
		{22DECA67-C87A-4340-A3F5-FA19FD857752}.Debug|Any CPU.Build.0 = Debug|Any CPU
		{22DECA67-C87A-4340-A3F5-FA19FD857752}.Release|Any CPU.ActiveCfg = Release|Any CPU
		{22DECA67-C87A-4340-A3F5-FA19FD857752}.Release|Any CPU.Build.0 = Release|Any CPU
	EndGlobalSection
	GlobalSection(SolutionProperties) = preSolution
		HideSolutionNode = FALSE
	EndGlobalSection
	GlobalSection(ExtensibilityGlobals) = postSolution
		SolutionGuid = {5C73C104-6F22-4067-A3A2-63F39EFD160E}
	EndGlobalSection
EndGlobal
